// !$*UTF8*$!
{
	archiveVersion = 1;
	classes = {
	};
	objectVersion = 46;
	objects = {

/* Begin PBXBuildFile section */
		CFC20C431B1B62710008CFD6 /* main.m in Sources */ = {isa = PBXBuildFile; fileRef = CFC20C421B1B62710008CFD6 /* main.m */; };
		CFC20C461B1B62710008CFD6 /* AppDelegate.m in Sources */ = {isa = PBXBuildFile; fileRef = CFC20C451B1B62710008CFD6 /* AppDelegate.m */; };
		CFC20C491B1B62710008CFD6 /* ViewController.m in Sources */ = {isa = PBXBuildFile; fileRef = CFC20C481B1B62710008CFD6 /* ViewController.m */; };
		CFC20C4C1B1B62710008CFD6 /* Main.storyboard in Resources */ = {isa = PBXBuildFile; fileRef = CFC20C4A1B1B62710008CFD6 /* Main.storyboard */; };
		CFC20C4E1B1B62710008CFD6 /* Images.xcassets in Resources */ = {isa = PBXBuildFile; fileRef = CFC20C4D1B1B62710008CFD6 /* Images.xcassets */; };
		CFC20C511B1B62710008CFD6 /* LaunchScreen.xib in Resources */ = {isa = PBXBuildFile; fileRef = CFC20C4F1B1B62710008CFD6 /* LaunchScreen.xib */; };
		CFC20C5D1B1B62710008CFD6 /* ProloficTestProjectTests.m in Sources */ = {isa = PBXBuildFile; fileRef = CFC20C5C1B1B62710008CFD6 /* ProloficTestProjectTests.m */; };
		CFC20C681B1B65980008CFD6 /* Add.png in Resources */ = {isa = PBXBuildFile; fileRef = CFC20C671B1B65980008CFD6 /* Add.png */; };
/* End PBXBuildFile section */

/* Begin PBXContainerItemProxy section */
		CFC20C571B1B62710008CFD6 /* PBXContainerItemProxy */ = {
			isa = PBXContainerItemProxy;
			containerPortal = CFC20C351B1B62710008CFD6 /* Project object */;
			proxyType = 1;
			remoteGlobalIDString = CFC20C3C1B1B62710008CFD6;
			remoteInfo = ProloficTestProject;
		};
/* End PBXContainerItemProxy section */

/* Begin PBXFileReference section */
		CFC20C3D1B1B62710008CFD6 /* ProloficTestProject.app */ = {isa = PBXFileReference; explicitFileType = wrapper.application; includeInIndex = 0; path = ProloficTestProject.app; sourceTree = BUILT_PRODUCTS_DIR; };
		CFC20C411B1B62710008CFD6 /* Info.plist */ = {isa = PBXFileReference; lastKnownFileType = text.plist.xml; path = Info.plist; sourceTree = "<group>"; };
		CFC20C421B1B62710008CFD6 /* main.m */ = {isa = PBXFileReference; lastKnownFileType = sourcecode.c.objc; path = main.m; sourceTree = "<group>"; };
		CFC20C441B1B62710008CFD6 /* AppDelegate.h */ = {isa = PBXFileReference; lastKnownFileType = sourcecode.c.h; path = AppDelegate.h; sourceTree = "<group>"; };
		CFC20C451B1B62710008CFD6 /* AppDelegate.m */ = {isa = PBXFileReference; lastKnownFileType = sourcecode.c.objc; path = AppDelegate.m; sourceTree = "<group>"; };
		CFC20C471B1B62710008CFD6 /* ViewController.h */ = {isa = PBXFileReference; lastKnownFileType = sourcecode.c.h; path = ViewController.h; sourceTree = "<group>"; };
		CFC20C481B1B62710008CFD6 /* ViewController.m */ = {isa = PBXFileReference; lastKnownFileType = sourcecode.c.objc; path = ViewController.m; sourceTree = "<group>"; };
		CFC20C4B1B1B62710008CFD6 /* Base */ = {isa = PBXFileReference; lastKnownFileType = file.storyboard; name = Base; path = Base.lproj/Main.storyboard; sourceTree = "<group>"; };
		CFC20C4D1B1B62710008CFD6 /* Images.xcassets */ = {isa = PBXFileReference; lastKnownFileType = folder.assetcatalog; path = Images.xcassets; sourceTree = "<group>"; };
		CFC20C501B1B62710008CFD6 /* Base */ = {isa = PBXFileReference; lastKnownFileType = file.xib; name = Base; path = Base.lproj/LaunchScreen.xib; sourceTree = "<group>"; };
		CFC20C561B1B62710008CFD6 /* ProloficTestProjectTests.xctest */ = {isa = PBXFileReference; explicitFileType = wrapper.cfbundle; includeInIndex = 0; path = ProloficTestProjectTests.xctest; sourceTree = BUILT_PRODUCTS_DIR; };
		CFC20C5B1B1B62710008CFD6 /* Info.plist */ = {isa = PBXFileReference; lastKnownFileType = text.plist.xml; path = Info.plist; sourceTree = "<group>"; };
		CFC20C5C1B1B62710008CFD6 /* ProloficTestProjectTests.m */ = {isa = PBXFileReference; lastKnownFileType = sourcecode.c.objc; path = ProloficTestProjectTests.m; sourceTree = "<group>"; };
		CFC20C671B1B65980008CFD6 /* Add.png */ = {isa = PBXFileReference; lastKnownFileType = image.png; path = Add.png; sourceTree = "<group>"; };
/* End PBXFileReference section */

/* Begin PBXFrameworksBuildPhase section */
		CFC20C3A1B1B62710008CFD6 /* Frameworks */ = {
			isa = PBXFrameworksBuildPhase;
			buildActionMask = 2147483647;
			files = (
			);
			runOnlyForDeploymentPostprocessing = 0;
		};
		CFC20C531B1B62710008CFD6 /* Frameworks */ = {
			isa = PBXFrameworksBuildPhase;
			buildActionMask = 2147483647;
			files = (
			);
			runOnlyForDeploymentPostprocessing = 0;
		};
/* End PBXFrameworksBuildPhase section */

/* Begin PBXGroup section */
		CFC20C341B1B62710008CFD6 = {
			isa = PBXGroup;
			children = (
				CFC20C3F1B1B62710008CFD6 /* ProloficTestProject */,
				CFC20C591B1B62710008CFD6 /* ProloficTestProjectTests */,
				CFC20C3E1B1B62710008CFD6 /* Products */,
			);
			sourceTree = "<group>";
		};
		CFC20C3E1B1B62710008CFD6 /* Products */ = {
			isa = PBXGroup;
			children = (
				CFC20C3D1B1B62710008CFD6 /* ProloficTestProject.app */,
				CFC20C561B1B62710008CFD6 /* ProloficTestProjectTests.xctest */,
			);
			name = Products;
			sourceTree = "<group>";
		};
		CFC20C3F1B1B62710008CFD6 /* ProloficTestProject */ = {
			isa = PBXGroup;
			children = (
				CFC20C661B1B65890008CFD6 /* Images */,
				CFC20C441B1B62710008CFD6 /* AppDelegate.h */,
				CFC20C451B1B62710008CFD6 /* AppDelegate.m */,
				CFC20C471B1B62710008CFD6 /* ViewController.h */,
				CFC20C481B1B62710008CFD6 /* ViewController.m */,
				CFC20C4A1B1B62710008CFD6 /* Main.storyboard */,
				CFC20C4D1B1B62710008CFD6 /* Images.xcassets */,
				CFC20C4F1B1B62710008CFD6 /* LaunchScreen.xib */,
				CFC20C401B1B62710008CFD6 /* Supporting Files */,
			);
			path = ProloficTestProject;
			sourceTree = "<group>";
		};
		CFC20C401B1B62710008CFD6 /* Supporting Files */ = {
			isa = PBXGroup;
			children = (
				CFC20C411B1B62710008CFD6 /* Info.plist */,
				CFC20C421B1B62710008CFD6 /* main.m */,
			);
			name = "Supporting Files";
			sourceTree = "<group>";
		};
		CFC20C591B1B62710008CFD6 /* ProloficTestProjectTests */ = {
			isa = PBXGroup;
			children = (
				CFC20C5C1B1B62710008CFD6 /* ProloficTestProjectTests.m */,
				CFC20C5A1B1B62710008CFD6 /* Supporting Files */,
			);
			path = ProloficTestProjectTests;
			sourceTree = "<group>";
		};
		CFC20C5A1B1B62710008CFD6 /* Supporting Files */ = {
			isa = PBXGroup;
			children = (
				CFC20C5B1B1B62710008CFD6 /* Info.plist */,
			);
			name = "Supporting Files";
			sourceTree = "<group>";
		};
		CFC20C661B1B65890008CFD6 /* Images */ = {
			isa = PBXGroup;
			children = (
				CFC20C671B1B65980008CFD6 /* Add.png */,
			);
			name = Images;
			sourceTree = "<group>";
		};
/* End PBXGroup section */

/* Begin PBXNativeTarget section */
		CFC20C3C1B1B62710008CFD6 /* ProloficTestProject */ = {
			isa = PBXNativeTarget;
			buildConfigurationList = CFC20C601B1B62710008CFD6 /* Build configuration list for PBXNativeTarget "ProloficTestProject" */;
			buildPhases = (
				CFC20C391B1B62710008CFD6 /* Sources */,
				CFC20C3A1B1B62710008CFD6 /* Frameworks */,
				CFC20C3B1B1B62710008CFD6 /* Resources */,
			);
			buildRules = (
			);
			dependencies = (
			);
			name = ProloficTestProject;
			productName = ProloficTestProject;
			productReference = CFC20C3D1B1B62710008CFD6 /* ProloficTestProject.app */;
			productType = "com.apple.product-type.application";
		};
		CFC20C551B1B62710008CFD6 /* ProloficTestProjectTests */ = {
			isa = PBXNativeTarget;
			buildConfigurationList = CFC20C631B1B62710008CFD6 /* Build configuration list for PBXNativeTarget "ProloficTestProjectTests" */;
			buildPhases = (
				CFC20C521B1B62710008CFD6 /* Sources */,
				CFC20C531B1B62710008CFD6 /* Frameworks */,
				CFC20C541B1B62710008CFD6 /* Resources */,
			);
			buildRules = (
			);
			dependencies = (
				CFC20C581B1B62710008CFD6 /* PBXTargetDependency */,
			);
			name = ProloficTestProjectTests;
			productName = ProloficTestProjectTests;
			productReference = CFC20C561B1B62710008CFD6 /* ProloficTestProjectTests.xctest */;
			productType = "com.apple.product-type.bundle.unit-test";
		};
/* End PBXNativeTarget section */

/* Begin PBXProject section */
		CFC20C351B1B62710008CFD6 /* Project object */ = {
			isa = PBXProject;
			attributes = {
				LastUpgradeCheck = 0630;
				ORGANIZATIONNAME = "Ashwin Raghuraman";
				TargetAttributes = {
					CFC20C3C1B1B62710008CFD6 = {
						CreatedOnToolsVersion = 6.3.2;
					};
					CFC20C551B1B62710008CFD6 = {
						CreatedOnToolsVersion = 6.3.2;
						TestTargetID = CFC20C3C1B1B62710008CFD6;
					};
				};
			};
			buildConfigurationList = CFC20C381B1B62710008CFD6 /* Build configuration list for PBXProject "ProloficTestProject" */;
			compatibilityVersion = "Xcode 3.2";
			developmentRegion = English;
			hasScannedForEncodings = 0;
			knownRegions = (
				en,
				Base,
			);
			mainGroup = CFC20C341B1B62710008CFD6;
			productRefGroup = CFC20C3E1B1B62710008CFD6 /* Products */;
			projectDirPath = "";
			projectRoot = "";
			targets = (
				CFC20C3C1B1B62710008CFD6 /* ProloficTestProject */,
				CFC20C551B1B62710008CFD6 /* ProloficTestProjectTests */,
			);
		};
/* End PBXProject section */

/* Begin PBXResourcesBuildPhase section */
		CFC20C3B1B1B62710008CFD6 /* Resources */ = {
			isa = PBXResourcesBuildPhase;
			buildActionMask = 2147483647;
			files = (
				CFC20C681B1B65980008CFD6 /* Add.png in Resources */,
				CFC20C4C1B1B62710008CFD6 /* Main.storyboard in Resources */,
				CFC20C511B1B62710008CFD6 /* LaunchScreen.xib in Resources */,
				CFC20C4E1B1B62710008CFD6 /* Images.xcassets in Resources */,
			);
			runOnlyForDeploymentPostprocessing = 0;
		};
		CFC20C541B1B62710008CFD6 /* Resources */ = {
			isa = PBXResourcesBuildPhase;
			buildActionMask = 2147483647;
			files = (
			);
			runOnlyForDeploymentPostprocessing = 0;
		};
/* End PBXResourcesBuildPhase section */

/* Begin PBXSourcesBuildPhase section */
		CFC20C391B1B62710008CFD6 /* Sources */ = {
			isa = PBXSourcesBuildPhase;
			buildActionMask = 2147483647;
			files = (
				CFC20C491B1B62710008CFD6 /* ViewController.m in Sources */,
				CFC20C461B1B62710008CFD6 /* AppDelegate.m in Sources */,
				CFC20C431B1B62710008CFD6 /* main.m in Sources */,
			);
			runOnlyForDeploymentPostprocessing = 0;
		};
		CFC20C521B1B62710008CFD6 /* Sources */ = {
			isa = PBXSourcesBuildPhase;
			buildActionMask = 2147483647;
			files = (
				CFC20C5D1B1B62710008CFD6 /* ProloficTestProjectTests.m in Sources */,
			);
			runOnlyForDeploymentPostprocessing = 0;
		};
/* End PBXSourcesBuildPhase section */

/* Begin PBXTargetDependency section */
		CFC20C581B1B62710008CFD6 /* PBXTargetDependency */ = {
			isa = PBXTargetDependency;
			target = CFC20C3C1B1B62710008CFD6 /* ProloficTestProject */;
			targetProxy = CFC20C571B1B62710008CFD6 /* PBXContainerItemProxy */;
		};
/* End PBXTargetDependency section */

/* Begin PBXVariantGroup section */
		CFC20C4A1B1B62710008CFD6 /* Main.storyboard */ = {
			isa = PBXVariantGroup;
			children = (
				CFC20C4B1B1B62710008CFD6 /* Base */,
			);
			name = Main.storyboard;
			sourceTree = "<group>";
		};
		CFC20C4F1B1B62710008CFD6 /* LaunchScreen.xib */ = {
			isa = PBXVariantGroup;
			children = (
				CFC20C501B1B62710008CFD6 /* Base */,
			);
			name = LaunchScreen.xib;
			sourceTree = "<group>";
		};
/* End PBXVariantGroup section */

/* Begin XCBuildConfiguration section */
		CFC20C5E1B1B62710008CFD6 /* Debug */ = {
			isa = XCBuildConfiguration;
			buildSettings = {
				ALWAYS_SEARCH_USER_PATHS = NO;
				CLANG_CXX_LANGUAGE_STANDARD = "gnu++0x";
				CLANG_CXX_LIBRARY = "libc++";
				CLANG_ENABLE_MODULES = YES;
				CLANG_ENABLE_OBJC_ARC = YES;
				CLANG_WARN_BOOL_CONVERSION = YES;
				CLANG_WARN_CONSTANT_CONVERSION = YES;
				CLANG_WARN_DIRECT_OBJC_ISA_USAGE = YES_ERROR;
				CLANG_WARN_EMPTY_BODY = YES;
				CLANG_WARN_ENUM_CONVERSION = YES;
				CLANG_WARN_INT_CONVERSION = YES;
				CLANG_WARN_OBJC_ROOT_CLASS = YES_ERROR;
				CLANG_WARN_UNREACHABLE_CODE = YES;
				CLANG_WARN__DUPLICATE_METHOD_MATCH = YES;
				"CODE_SIGN_IDENTITY[sdk=iphoneos*]" = "iPhone Developer";
				COPY_PHASE_STRIP = NO;
				DEBUG_INFORMATION_FORMAT = "dwarf-with-dsym";
				ENABLE_STRICT_OBJC_MSGSEND = YES;
				GCC_C_LANGUAGE_STANDARD = gnu99;
				GCC_DYNAMIC_NO_PIC = NO;
				GCC_NO_COMMON_BLOCKS = YES;
				GCC_OPTIMIZATION_LEVEL = 0;
				GCC_PREPROCESSOR_DEFINITIONS = (
					"DEBUG=1",
					"$(inherited)",
				);
				GCC_SYMBOLS_PRIVATE_EXTERN = NO;
				GCC_WARN_64_TO_32_BIT_CONVERSION = YES;
				GCC_WARN_ABOUT_RETURN_TYPE = YES_ERROR;
				GCC_WARN_UNDECLARED_SELECTOR = YES;
				GCC_WARN_UNINITIALIZED_AUTOS = YES_AGGRESSIVE;
				GCC_WARN_UNUSED_FUNCTION = YES;
				GCC_WARN_UNUSED_VARIABLE = YES;
				IPHONEOS_DEPLOYMENT_TARGET = 8.3;
				MTL_ENABLE_DEBUG_INFO = YES;
				ONLY_ACTIVE_ARCH = YES;
				SDKROOT = iphoneos;
			};
			name = Debug;
		};
		CFC20C5F1B1B62710008CFD6 /* Release */ = {
			isa = XCBuildConfiguration;
			buildSettings = {
				ALWAYS_SEARCH_USER_PATHS = NO;
				CLANG_CXX_LANGUAGE_STANDARD = "gnu++0x";
				CLANG_CXX_LIBRARY = "libc++";
				CLANG_ENABLE_MODULES = YES;
				CLANG_ENABLE_OBJC_ARC = YES;
				CLANG_WARN_BOOL_CONVERSION = YES;
				CLANG_WARN_CONSTANT_CONVERSION = YES;
				CLANG_WARN_DIRECT_OBJC_ISA_USAGE = YES_ERROR;
				CLANG_WARN_EMPTY_BODY = YES;
				CLANG_WARN_ENUM_CONVERSION = YES;
				CLANG_WARN_INT_CONVERSION = YES;
				CLANG_WARN_OBJC_ROOT_CLASS = YES_ERROR;
				CLANG_WARN_UNREACHABLE_CODE = YES;
				CLANG_WARN__DUPLICATE_METHOD_MATCH = YES;
				"CODE_SIGN_IDENTITY[sdk=iphoneos*]" = "iPhone Developer";
				COPY_PHASE_STRIP = NO;
				DEBUG_INFORMATION_FORMAT = "dwarf-with-dsym";
				ENABLE_NS_ASSERTIONS = NO;
				ENABLE_STRICT_OBJC_MSGSEND = YES;
				GCC_C_LANGUAGE_STANDARD = gnu99;
				GCC_NO_COMMON_BLOCKS = YES;
				GCC_WARN_64_TO_32_BIT_CONVERSION = YES;
				GCC_WARN_ABOUT_RETURN_TYPE = YES_ERROR;
				GCC_WARN_UNDECLARED_SELECTOR = YES;
				GCC_WARN_UNINITIALIZED_AUTOS = YES_AGGRESSIVE;
				GCC_WARN_UNUSED_FUNCTION = YES;
				GCC_WARN_UNUSED_VARIABLE = YES;
				IPHONEOS_DEPLOYMENT_TARGET = 8.3;
				MTL_ENABLE_DEBUG_INFO = NO;
				SDKROOT = iphoneos;
				VALIDATE_PRODUCT = YES;
			};
			name = Release;
		};
		CFC20C611B1B62710008CFD6 /* Debug */ = {
			isa = XCBuildConfiguration;
			buildSettings = {
				ASSETCATALOG_COMPILER_APPICON_NAME = AppIcon;
				INFOPLIST_FILE = ProloficTestProject/Info.plist;
				LD_RUNPATH_SEARCH_PATHS = "$(inherited) @executable_path/Frameworks";
				PRODUCT_NAME = "$(TARGET_NAME)";
			};
			name = Debug;
		};
		CFC20C621B1B62710008CFD6 /* Release */ = {
			isa = XCBuildConfiguration;
			buildSettings = {
				ASSETCATALOG_COMPILER_APPICON_NAME = AppIcon;
				INFOPLIST_FILE = ProloficTestProject/Info.plist;
				LD_RUNPATH_SEARCH_PATHS = "$(inherited) @executable_path/Frameworks";
				PRODUCT_NAME = "$(TARGET_NAME)";
			};
			name = Release;
		};
		CFC20C641B1B62710008CFD6 /* Debug */ = {
			isa = XCBuildConfiguration;
			buildSettings = {
				BUNDLE_LOADER = "$(TEST_HOST)";
				FRAMEWORK_SEARCH_PATHS = (
					"$(SDKROOT)/Developer/Library/Frameworks",
					"$(inherited)",
				);
				GCC_PREPROCESSOR_DEFINITIONS = (
					"DEBUG=1",
					"$(inherited)",
				);
				INFOPLIST_FILE = ProloficTestProjectTests/Info.plist;
				LD_RUNPATH_SEARCH_PATHS = "$(inherited) @executable_path/Frameworks @loader_path/Frameworks";
				PRODUCT_NAME = "$(TARGET_NAME)";
				TEST_HOST = "$(BUILT_PRODUCTS_DIR)/ProloficTestProject.app/ProloficTestProject";
			};
			name = Debug;
		};
		CFC20C651B1B62710008CFD6 /* Release */ = {
			isa = XCBuildConfiguration;
			buildSettings = {
				BUNDLE_LOADER = "$(TEST_HOST)";
				FRAMEWORK_SEARCH_PATHS = (
					"$(SDKROOT)/Developer/Library/Frameworks",
					"$(inherited)",
				);
				INFOPLIST_FILE = ProloficTestProjectTests/Info.plist;
				LD_RUNPATH_SEARCH_PATHS = "$(inherited) @executable_path/Frameworks @loader_path/Frameworks";
				PRODUCT_NAME = "$(TARGET_NAME)";
				TEST_HOST = "$(BUILT_PRODUCTS_DIR)/ProloficTestProject.app/ProloficTestProject";
			};
			name = Release;
		};
/* End XCBuildConfiguration section */

/* Begin XCConfigurationList section */
		CFC20C381B1B62710008CFD6 /* Build configuration list for PBXProject "ProloficTestProject" */ = {
			isa = XCConfigurationList;
			buildConfigurations = (
				CFC20C5E1B1B62710008CFD6 /* Debug */,
				CFC20C5F1B1B62710008CFD6 /* Release */,
			);
			defaultConfigurationIsVisible = 0;
			defaultConfigurationName = Release;
		};
		CFC20C601B1B62710008CFD6 /* Build configuration list for PBXNativeTarget "ProloficTestProject" */ = {
			isa = XCConfigurationList;
			buildConfigurations = (
				CFC20C611B1B62710008CFD6 /* Debug */,
				CFC20C621B1B62710008CFD6 /* Release */,
			);
			defaultConfigurationIsVisible = 0;
		};
		CFC20C631B1B62710008CFD6 /* Build configuration list for PBXNativeTarget "ProloficTestProjectTests" */ = {
			isa = XCConfigurationList;
			buildConfigurations = (
				CFC20C641B1B62710008CFD6 /* Debug */,
				CFC20C651B1B62710008CFD6 /* Release */,
			);
			defaultConfigurationIsVisible = 0;
		};
/* End XCConfigurationList section */
	};
	rootObject = CFC20C351B1B62710008CFD6 /* Project object */;
}
